
Microsoft Visual Studio Solution File, Format Version 12.00
# Visual Studio Version 17
VisualStudioVersion = 17.3.32929.385
MinimumVisualStudioVersion = 10.0.40219.1
Project("{FAE04EC0-301F-11D3-BF4B-00C04F79EFBC}") = "NeutronData", "NeutronData\NeutronData.csproj", "{E325F3E2-6660-451F-B9B2-D8866447BE4D}"
EndProject
Project("{FAE04EC0-301F-11D3-BF4B-00C04F79EFBC}") = "AlliedLogger", "AlliedLogger\AlliedLogger.csproj", "{BA17BDF5-4F6B-4ADA-A7F0-9AE6A51A9816}"
EndProject
Project("{FAE04EC0-301F-11D3-BF4B-00C04F79EFBC}") = "AlliedFileSystemWatcher", "AlliedFileSystemWatcher\AlliedFileSystemWatcher.csproj", "{A8C533EF-F9B0-4B04-A1BA-53AAF5354A2B}"
EndProject
Project("{FAE04EC0-301F-11D3-BF4B-00C04F79EFBC}") = "JsonManager", "JsonManager\JsonManager.csproj", "{41E13F41-40DC-4F3A-BA34-43008EF8A4B8}"
EndProject
Project("{FAE04EC0-301F-11D3-BF4B-00C04F79EFBC}") = "NeutronCore", "NeutronCore\NeutronCore.csproj", "{8DFABB4E-0083-4930-9E48-978F4470C61D}"
EndProject
Project("{FAE04EC0-301F-11D3-BF4B-00C04F79EFBC}") = "PrintRequest", "PrintRequest\PrintRequest.csproj", "{AC64B1BD-E3E7-49F5-8DDF-103FCA0970FE}"
EndProject
Project("{FAE04EC0-301F-11D3-BF4B-00C04F79EFBC}") = "SlotNameFactory", "SlotNameFactory\SlotNameFactory.csproj", "{68DAC5EF-FE13-4541-A233-A5897A0A3016}"
EndProject
Project("{FAE04EC0-301F-11D3-BF4B-00C04F79EFBC}") = "NeutronMaintenance", "NeutronMaintenance\NeutronMaintenance.csproj", "{D3E5D83E-1327-4346-B811-C86BD4F297FB}"
EndProject
Project("{FAE04EC0-301F-11D3-BF4B-00C04F79EFBC}") = "NeutronEvents", "NeutronEvents\NeutronEvents.csproj", "{FBC827AF-2CE9-4D2C-B8A2-F782E27C8078}"
EndProject
Project("{FAE04EC0-301F-11D3-BF4B-00C04F79EFBC}") = "Neutron", "Neutron\Neutron.csproj", "{0BEF7888-448B-49B0-B8D5-8DCEB8DB5F3C}"
EndProject
Project("{FAE04EC0-301F-11D3-BF4B-00C04F79EFBC}") = "NeutronLoader", "NeutronLoader\NeutronLoader.csproj", "{2748BDF0-D6ED-48C5-9230-F18E33779E67}"
EndProject
Project("{FAE04EC0-301F-11D3-BF4B-00C04F79EFBC}") = "LanguageBuilder", "LanguageBuilder\LanguageBuilder.csproj", "{AE2BE042-B8DE-4A29-BB8D-87E65D4249CD}"
EndProject
Project("{FAE04EC0-301F-11D3-BF4B-00C04F79EFBC}") = "HighJump", "..\HighJump\HighJump\HighJump.csproj", "{B600904B-1B59-47BF-8884-5A4982D8B2FE}"
EndProject
Project("{FAE04EC0-301F-11D3-BF4B-00C04F79EFBC}") = "AlliedPostOffice", "AlliedPostOffice\AlliedPostOffice.csproj", "{6CE97D6F-A149-42FE-A858-2272DB64897E}"
EndProject
Project("{FAE04EC0-301F-11D3-BF4B-00C04F79EFBC}") = "SqlSchemaManager", "SqlSchemaManager\SqlSchemaManager.csproj", "{294872D2-FEB8-4825-9755-E5AE9DE5B7B8}"
EndProject
Project("{FAE04EC0-301F-11D3-BF4B-00C04F79EFBC}") = "DGVPrint", "DGVPrinter\DGVPrint.csproj", "{E992BD9A-8437-48E4-B9DE-000EFC15032B}"
EndProject
Project("{FAE04EC0-301F-11D3-BF4B-00C04F79EFBC}") = "DeviceIndicatorService", "DeviceIndicatorService\DeviceIndicatorService.csproj", "{2AEDD746-887B-411D-A2B9-52AB4835ACBF}"
EndProject
Project("{FAE04EC0-301F-11D3-BF4B-00C04F79EFBC}") = "NeutronTrayLayout", "..\NeutronUserControls\NeutronTrayLayout\NeutronTrayLayout\NeutronTrayLayout.csproj", "{4F32E28F-E0E0-4144-982F-FE7920AD93A1}"
EndProject
Project("{FAE04EC0-301F-11D3-BF4B-00C04F79EFBC}") = "NeutronDllu", "..\NeutronDllu\NeutronDllu\NeutronDllu.csproj", "{AB3C26A8-5C8C-40D0-B937-C5E7B27D70CE}"
EndProject
Project("{9A19103F-16F7-4668-BE54-9A1E7A4F7556}") = "Neutron_Test", "Neutron_Test\Neutron_Test.csproj", "{523DF18E-8BEB-4E4D-9D1F-69915B334EFD}"
EndProject
Project("{FAE04EC0-301F-11D3-BF4B-00C04F79EFBC}") = "Hanel_DC", "..\..\..\VS2019\Projects\Hanel\Hanel_DC\Hanel_DC.csproj", "{156ADD50-D792-4D9B-897D-F4B38AED9234}"
EndProject
Project("{FAE04EC0-301F-11D3-BF4B-00C04F79EFBC}") = "HanelCommands", "..\..\..\VS2019\Projects\HanelCommands\HanelCommands\HanelCommands.csproj", "{E5C92F26-E834-4913-9482-C8AF45F358EA}"
EndProject
Project("{FAE04EC0-301F-11D3-BF4B-00C04F79EFBC}") = "EBinDisplay", "EBinDisplayManager\EBinDisplay.csproj", "{51955251-C665-4F33-B31B-45011E6BAB99}"
EndProject
Project("{FAE04EC0-301F-11D3-BF4B-00C04F79EFBC}") = "NeutronDataTests", "NeutronDataTests\NeutronDataTests.csproj", "{A4825200-9451-4D7C-AB6D-830FEABFEDFF}"
EndProject
Project("{FAE04EC0-301F-11D3-BF4B-00C04F79EFBC}") = "ProliteController", "ProLiteController\ProliteController\ProliteController.csproj", "{CC797714-8D01-40AF-8A2F-737B06F133CD}"
EndProject
Project("{FAE04EC0-301F-11D3-BF4B-00C04F79EFBC}") = "EthernetTransmitter", "EthernetTransmitter\EthernetTransmitter.csproj", "{CD460F9C-0B52-49AC-A17C-CEE7DEF43220}"
EndProject
Project("{FAE04EC0-301F-11D3-BF4B-00C04F79EFBC}") = "SAPServer", "SAPServer\SAPServer.csproj", "{0A3DAA53-E7FF-4EA6-8BA1-2F671E341F09}"
EndProject
Global
	GlobalSection(SolutionConfigurationPlatforms) = preSolution
		Debug|Any CPU = Debug|Any CPU
		Release|Any CPU = Release|Any CPU
	EndGlobalSection
	GlobalSection(ProjectConfigurationPlatforms) = postSolution
		{E325F3E2-6660-451F-B9B2-D8866447BE4D}.Debug|Any CPU.ActiveCfg = Debug|Any CPU
		{E325F3E2-6660-451F-B9B2-D8866447BE4D}.Debug|Any CPU.Build.0 = Debug|Any CPU
		{E325F3E2-6660-451F-B9B2-D8866447BE4D}.Release|Any CPU.ActiveCfg = Release|Any CPU
		{E325F3E2-6660-451F-B9B2-D8866447BE4D}.Release|Any CPU.Build.0 = Release|Any CPU
		{BA17BDF5-4F6B-4ADA-A7F0-9AE6A51A9816}.Debug|Any CPU.ActiveCfg = Debug|Any CPU
		{BA17BDF5-4F6B-4ADA-A7F0-9AE6A51A9816}.Debug|Any CPU.Build.0 = Debug|Any CPU
		{BA17BDF5-4F6B-4ADA-A7F0-9AE6A51A9816}.Release|Any CPU.ActiveCfg = Release|Any CPU
		{BA17BDF5-4F6B-4ADA-A7F0-9AE6A51A9816}.Release|Any CPU.Build.0 = Release|Any CPU
		{A8C533EF-F9B0-4B04-A1BA-53AAF5354A2B}.Debug|Any CPU.ActiveCfg = Debug|Any CPU
		{A8C533EF-F9B0-4B04-A1BA-53AAF5354A2B}.Debug|Any CPU.Build.0 = Debug|Any CPU
		{A8C533EF-F9B0-4B04-A1BA-53AAF5354A2B}.Debug|Any CPU.Deploy.0 = Debug|Any CPU
		{A8C533EF-F9B0-4B04-A1BA-53AAF5354A2B}.Release|Any CPU.ActiveCfg = Release|Any CPU
		{A8C533EF-F9B0-4B04-A1BA-53AAF5354A2B}.Release|Any CPU.Build.0 = Release|Any CPU
		{41E13F41-40DC-4F3A-BA34-43008EF8A4B8}.Debug|Any CPU.ActiveCfg = Debug|Any CPU
		{41E13F41-40DC-4F3A-BA34-43008EF8A4B8}.Debug|Any CPU.Build.0 = Debug|Any CPU
		{41E13F41-40DC-4F3A-BA34-43008EF8A4B8}.Release|Any CPU.ActiveCfg = Release|Any CPU
		{41E13F41-40DC-4F3A-BA34-43008EF8A4B8}.Release|Any CPU.Build.0 = Release|Any CPU
		{8DFABB4E-0083-4930-9E48-978F4470C61D}.Debug|Any CPU.ActiveCfg = Debug|Any CPU
		{8DFABB4E-0083-4930-9E48-978F4470C61D}.Debug|Any CPU.Build.0 = Debug|Any CPU
		{8DFABB4E-0083-4930-9E48-978F4470C61D}.Release|Any CPU.ActiveCfg = Release|Any CPU
		{8DFABB4E-0083-4930-9E48-978F4470C61D}.Release|Any CPU.Build.0 = Release|Any CPU
		{AC64B1BD-E3E7-49F5-8DDF-103FCA0970FE}.Debug|Any CPU.ActiveCfg = Debug|Any CPU
		{AC64B1BD-E3E7-49F5-8DDF-103FCA0970FE}.Debug|Any CPU.Build.0 = Debug|Any CPU
		{AC64B1BD-E3E7-49F5-8DDF-103FCA0970FE}.Release|Any CPU.ActiveCfg = Release|Any CPU
		{AC64B1BD-E3E7-49F5-8DDF-103FCA0970FE}.Release|Any CPU.Build.0 = Release|Any CPU
		{68DAC5EF-FE13-4541-A233-A5897A0A3016}.Debug|Any CPU.ActiveCfg = Debug|Any CPU
		{68DAC5EF-FE13-4541-A233-A5897A0A3016}.Debug|Any CPU.Build.0 = Debug|Any CPU
		{68DAC5EF-FE13-4541-A233-A5897A0A3016}.Release|Any CPU.ActiveCfg = Release|Any CPU
		{68DAC5EF-FE13-4541-A233-A5897A0A3016}.Release|Any CPU.Build.0 = Release|Any CPU
		{D3E5D83E-1327-4346-B811-C86BD4F297FB}.Debug|Any CPU.ActiveCfg = Debug|Any CPU
		{D3E5D83E-1327-4346-B811-C86BD4F297FB}.Debug|Any CPU.Build.0 = Debug|Any CPU
		{D3E5D83E-1327-4346-B811-C86BD4F297FB}.Release|Any CPU.ActiveCfg = Release|Any CPU
		{D3E5D83E-1327-4346-B811-C86BD4F297FB}.Release|Any CPU.Build.0 = Release|Any CPU
		{FBC827AF-2CE9-4D2C-B8A2-F782E27C8078}.Debug|Any CPU.ActiveCfg = Debug|Any CPU
		{FBC827AF-2CE9-4D2C-B8A2-F782E27C8078}.Debug|Any CPU.Build.0 = Debug|Any CPU
		{FBC827AF-2CE9-4D2C-B8A2-F782E27C8078}.Release|Any CPU.ActiveCfg = Release|Any CPU
		{FBC827AF-2CE9-4D2C-B8A2-F782E27C8078}.Release|Any CPU.Build.0 = Release|Any CPU
		{0BEF7888-448B-49B0-B8D5-8DCEB8DB5F3C}.Debug|Any CPU.ActiveCfg = Debug|Any CPU
		{0BEF7888-448B-49B0-B8D5-8DCEB8DB5F3C}.Debug|Any CPU.Build.0 = Debug|Any CPU
		{0BEF7888-448B-49B0-B8D5-8DCEB8DB5F3C}.Release|Any CPU.ActiveCfg = Release|Any CPU
		{0BEF7888-448B-49B0-B8D5-8DCEB8DB5F3C}.Release|Any CPU.Build.0 = Release|Any CPU
		{2748BDF0-D6ED-48C5-9230-F18E33779E67}.Debug|Any CPU.ActiveCfg = Debug|Any CPU
		{2748BDF0-D6ED-48C5-9230-F18E33779E67}.Debug|Any CPU.Build.0 = Debug|Any CPU
		{2748BDF0-D6ED-48C5-9230-F18E33779E67}.Release|Any CPU.ActiveCfg = Release|Any CPU
		{2748BDF0-D6ED-48C5-9230-F18E33779E67}.Release|Any CPU.Build.0 = Release|Any CPU
		{AE2BE042-B8DE-4A29-BB8D-87E65D4249CD}.Debug|Any CPU.ActiveCfg = Debug|Any CPU
		{AE2BE042-B8DE-4A29-BB8D-87E65D4249CD}.Debug|Any CPU.Build.0 = Debug|Any CPU
		{AE2BE042-B8DE-4A29-BB8D-87E65D4249CD}.Release|Any CPU.ActiveCfg = Release|Any CPU
		{AE2BE042-B8DE-4A29-BB8D-87E65D4249CD}.Release|Any CPU.Build.0 = Release|Any CPU
		{B600904B-1B59-47BF-8884-5A4982D8B2FE}.Debug|Any CPU.ActiveCfg = Debug|Any CPU
		{B600904B-1B59-47BF-8884-5A4982D8B2FE}.Debug|Any CPU.Build.0 = Debug|Any CPU
		{B600904B-1B59-47BF-8884-5A4982D8B2FE}.Release|Any CPU.ActiveCfg = Release|Any CPU
		{B600904B-1B59-47BF-8884-5A4982D8B2FE}.Release|Any CPU.Build.0 = Release|Any CPU
		{6CE97D6F-A149-42FE-A858-2272DB64897E}.Debug|Any CPU.ActiveCfg = Debug|Any CPU
		{6CE97D6F-A149-42FE-A858-2272DB64897E}.Debug|Any CPU.Build.0 = Debug|Any CPU
		{6CE97D6F-A149-42FE-A858-2272DB64897E}.Release|Any CPU.ActiveCfg = Release|Any CPU
		{6CE97D6F-A149-42FE-A858-2272DB64897E}.Release|Any CPU.Build.0 = Release|Any CPU
		{294872D2-FEB8-4825-9755-E5AE9DE5B7B8}.Debug|Any CPU.ActiveCfg = Debug|Any CPU
		{294872D2-FEB8-4825-9755-E5AE9DE5B7B8}.Debug|Any CPU.Build.0 = Debug|Any CPU
		{294872D2-FEB8-4825-9755-E5AE9DE5B7B8}.Release|Any CPU.ActiveCfg = Release|Any CPU
		{294872D2-FEB8-4825-9755-E5AE9DE5B7B8}.Release|Any CPU.Build.0 = Release|Any CPU
		{E992BD9A-8437-48E4-B9DE-000EFC15032B}.Debug|Any CPU.ActiveCfg = Debug|Any CPU
		{E992BD9A-8437-48E4-B9DE-000EFC15032B}.Debug|Any CPU.Build.0 = Debug|Any CPU
		{E992BD9A-8437-48E4-B9DE-000EFC15032B}.Release|Any CPU.ActiveCfg = Release|Any CPU
		{E992BD9A-8437-48E4-B9DE-000EFC15032B}.Release|Any CPU.Build.0 = Release|Any CPU
		{2AEDD746-887B-411D-A2B9-52AB4835ACBF}.Debug|Any CPU.ActiveCfg = Debug|Any CPU
		{2AEDD746-887B-411D-A2B9-52AB4835ACBF}.Debug|Any CPU.Build.0 = Debug|Any CPU
		{2AEDD746-887B-411D-A2B9-52AB4835ACBF}.Release|Any CPU.ActiveCfg = Release|Any CPU
		{2AEDD746-887B-411D-A2B9-52AB4835ACBF}.Release|Any CPU.Build.0 = Release|Any CPU
		{4F32E28F-E0E0-4144-982F-FE7920AD93A1}.Debug|Any CPU.ActiveCfg = Debug|Any CPU
		{4F32E28F-E0E0-4144-982F-FE7920AD93A1}.Debug|Any CPU.Build.0 = Debug|Any CPU
		{4F32E28F-E0E0-4144-982F-FE7920AD93A1}.Release|Any CPU.ActiveCfg = Release|Any CPU
		{4F32E28F-E0E0-4144-982F-FE7920AD93A1}.Release|Any CPU.Build.0 = Release|Any CPU
		{AB3C26A8-5C8C-40D0-B937-C5E7B27D70CE}.Debug|Any CPU.ActiveCfg = Debug|Any CPU
		{AB3C26A8-5C8C-40D0-B937-C5E7B27D70CE}.Debug|Any CPU.Build.0 = Debug|Any CPU
		{AB3C26A8-5C8C-40D0-B937-C5E7B27D70CE}.Release|Any CPU.ActiveCfg = Release|Any CPU
		{AB3C26A8-5C8C-40D0-B937-C5E7B27D70CE}.Release|Any CPU.Build.0 = Release|Any CPU
		{523DF18E-8BEB-4E4D-9D1F-69915B334EFD}.Debug|Any CPU.ActiveCfg = Debug|Any CPU
		{523DF18E-8BEB-4E4D-9D1F-69915B334EFD}.Debug|Any CPU.Build.0 = Debug|Any CPU
		{523DF18E-8BEB-4E4D-9D1F-69915B334EFD}.Release|Any CPU.ActiveCfg = Release|Any CPU
		{523DF18E-8BEB-4E4D-9D1F-69915B334EFD}.Release|Any CPU.Build.0 = Release|Any CPU
		{156ADD50-D792-4D9B-897D-F4B38AED9234}.Debug|Any CPU.ActiveCfg = Debug|Any CPU
		{156ADD50-D792-4D9B-897D-F4B38AED9234}.Debug|Any CPU.Build.0 = Debug|Any CPU
		{156ADD50-D792-4D9B-897D-F4B38AED9234}.Release|Any CPU.ActiveCfg = Release|Any CPU
		{156ADD50-D792-4D9B-897D-F4B38AED9234}.Release|Any CPU.Build.0 = Release|Any CPU
		{E5C92F26-E834-4913-9482-C8AF45F358EA}.Debug|Any CPU.ActiveCfg = Debug|Any CPU
		{E5C92F26-E834-4913-9482-C8AF45F358EA}.Debug|Any CPU.Build.0 = Debug|Any CPU
		{E5C92F26-E834-4913-9482-C8AF45F358EA}.Release|Any CPU.ActiveCfg = Release|Any CPU
		{E5C92F26-E834-4913-9482-C8AF45F358EA}.Release|Any CPU.Build.0 = Release|Any CPU
		{51955251-C665-4F33-B31B-45011E6BAB99}.Debug|Any CPU.ActiveCfg = Debug|Any CPU
		{51955251-C665-4F33-B31B-45011E6BAB99}.Debug|Any CPU.Build.0 = Debug|Any CPU
		{51955251-C665-4F33-B31B-45011E6BAB99}.Release|Any CPU.ActiveCfg = Release|Any CPU
		{51955251-C665-4F33-B31B-45011E6BAB99}.Release|Any CPU.Build.0 = Release|Any CPU
		{A4825200-9451-4D7C-AB6D-830FEABFEDFF}.Debug|Any CPU.ActiveCfg = Debug|Any CPU
		{A4825200-9451-4D7C-AB6D-830FEABFEDFF}.Debug|Any CPU.Build.0 = Debug|Any CPU
		{A4825200-9451-4D7C-AB6D-830FEABFEDFF}.Release|Any CPU.ActiveCfg = Release|Any CPU
		{A4825200-9451-4D7C-AB6D-830FEABFEDFF}.Release|Any CPU.Build.0 = Release|Any CPU
		{CC797714-8D01-40AF-8A2F-737B06F133CD}.Debug|Any CPU.ActiveCfg = Debug|Any CPU
		{CC797714-8D01-40AF-8A2F-737B06F133CD}.Debug|Any CPU.Build.0 = Debug|Any CPU
		{CC797714-8D01-40AF-8A2F-737B06F133CD}.Release|Any CPU.ActiveCfg = Release|Any CPU
		{CC797714-8D01-40AF-8A2F-737B06F133CD}.Release|Any CPU.Build.0 = Release|Any CPU
		{CD460F9C-0B52-49AC-A17C-CEE7DEF43220}.Debug|Any CPU.ActiveCfg = Debug|Any CPU
		{CD460F9C-0B52-49AC-A17C-CEE7DEF43220}.Debug|Any CPU.Build.0 = Debug|Any CPU
		{CD460F9C-0B52-49AC-A17C-CEE7DEF43220}.Release|Any CPU.ActiveCfg = Release|Any CPU
		{CD460F9C-0B52-49AC-A17C-CEE7DEF43220}.Release|Any CPU.Build.0 = Release|Any CPU
		{0A3DAA53-E7FF-4EA6-8BA1-2F671E341F09}.Debug|Any CPU.ActiveCfg = Debug|Any CPU
		{0A3DAA53-E7FF-4EA6-8BA1-2F671E341F09}.Debug|Any CPU.Build.0 = Debug|Any CPU
		{0A3DAA53-E7FF-4EA6-8BA1-2F671E341F09}.Release|Any CPU.ActiveCfg = Release|Any CPU
		{0A3DAA53-E7FF-4EA6-8BA1-2F671E341F09}.Release|Any CPU.Build.0 = Release|Any CPU
	EndGlobalSection
	GlobalSection(SolutionProperties) = preSolution
		HideSolutionNode = FALSE
	EndGlobalSection
	GlobalSection(ExtensibilityGlobals) = postSolution
		SolutionGuid = {DE06F961-1F5D-4A2E-9848-543AF6FB1C8D}
	EndGlobalSection
EndGlobal
